// !$*UTF8*$!
{
	archiveVersion = 1;
	classes = {
	};
	objectVersion = 77;
	objects = {

/* Begin PBXBuildFile section */
		9CF4979C2F770AD000F57BCE /* Sonex Clip View.app in Embed App Clips */ = {isa = PBXBuildFile; fileRef = 9CF497902F770ACF00F57BCE /* Sonex Clip View.app */; settings = {ATTRIBUTES = (RemoveHeadersOnCopy, ); }; };
		9CF8F31D2F7C0E3E00D428A7 /* SonexShared in Frameworks */ = {isa = PBXBuildFile; productRef = 9CF8F31C2F7C0E3E00D428A7 /* SonexShared */; };
		9CF8F3202F7C0E9C00D428A7 /* SonexShared in Frameworks */ = {isa = PBXBuildFile; productRef = 9CF8F31F2F7C0E9C00D428A7 /* SonexShared */; };
		9CF8F3542F7C128A00D428A7 /* Auth in Frameworks */ = {isa = PBXBuildFile; productRef = 9CF8F3532F7C128A00D428A7 /* Auth */; };
		9CF8F3562F7C128A00D428A7 /* Functions in Frameworks */ = {isa = PBXBuildFile; productRef = 9CF8F3552F7C128A00D428A7 /* Functions */; };
		9CF8F3582F7C128A00D428A7 /* PostgREST in Frameworks */ = {isa = PBXBuildFile; productRef = 9CF8F3572F7C128A00D428A7 /* PostgREST */; };
		9CF8F35A2F7C128A00D428A7 /* Realtime in Frameworks */ = {isa = PBXBuildFile; productRef = 9CF8F3592F7C128A00D428A7 /* Realtime */; };
		9CF8F35C2F7C128A00D428A7 /* Storage in Frameworks */ = {isa = PBXBuildFile; productRef = 9CF8F35B2F7C128A00D428A7 /* Storage */; };
/* End PBXBuildFile section */

/* Begin PBXContainerItemProxy section */
		9CF4979A2F770AD000F57BCE /* PBXContainerItemProxy */ = {
			isa = PBXContainerItemProxy;
			containerPortal = 9CF497762F770A7300F57BCE /* Project object */;
			proxyType = 1;
			remoteGlobalIDString = 9CF4978F2F770ACF00F57BCE;
			remoteInfo = "Sonex Clip View";
		};
/* End PBXContainerItemProxy section */

/* Begin PBXCopyFilesBuildPhase section */
		9CF497A12F770AD000F57BCE /* Embed App Clips */ = {
			isa = PBXCopyFilesBuildPhase;
			buildActionMask = 2147483647;
			dstPath = "$(CONTENTS_FOLDER_PATH)/AppClips";
			dstSubfolderSpec = 16;
			files = (
				9CF4979C2F770AD000F57BCE /* Sonex Clip View.app in Embed App Clips */,
			);
			name = "Embed App Clips";
			runOnlyForDeploymentPostprocessing = 0;
		};
/* End PBXCopyFilesBuildPhase section */

/* Begin PBXFileReference section */
		9CF4977E2F770A7300F57BCE /* Sonex.app */ = {isa = PBXFileReference; explicitFileType = wrapper.application; includeInIndex = 0; path = Sonex.app; sourceTree = BUILT_PRODUCTS_DIR; };
		9CF497902F770ACF00F57BCE /* Sonex Clip View.app */ = {isa = PBXFileReference; explicitFileType = wrapper.application; includeInIndex = 0; path = "Sonex Clip View.app"; sourceTree = BUILT_PRODUCTS_DIR; };
		9CF8F31A2F7C0D5600D428A7 /* SonexShared */ = {isa = PBXFileReference; lastKnownFileType = wrapper; name = SonexShared; path = ../SonexShared; sourceTree = SOURCE_ROOT; };
/* End PBXFileReference section */

/* Begin PBXFileSystemSynchronizedBuildFileExceptionSet section */
		9CF4979D2F770AD000F57BCE /* Exceptions for "Sonex Clip View" folder in "Sonex Clip View" target */ = {
			isa = PBXFileSystemSynchronizedBuildFileExceptionSet;
			membershipExceptions = (
				Info.plist,
			);
			target = 9CF4978F2F770ACF00F57BCE /* Sonex Clip View */;
		};
/* End PBXFileSystemSynchronizedBuildFileExceptionSet section */

/* Begin PBXFileSystemSynchronizedRootGroup section */
		9CF497802F770A7300F57BCE /* Sonex */ = {
			isa = PBXFileSystemSynchronizedRootGroup;
			path = Sonex;
			sourceTree = "<group>";
		};
		9CF497912F770ACF00F57BCE /* Sonex Clip View */ = {
			isa = PBXFileSystemSynchronizedRootGroup;
			exceptions = (
				9CF4979D2F770AD000F57BCE /* Exceptions for "Sonex Clip View" folder in "Sonex Clip View" target */,
			);
			path = "Sonex Clip View";
			sourceTree = "<group>";
		};
/* End PBXFileSystemSynchronizedRootGroup section */

/* Begin PBXFrameworksBuildPhase section */
		9CF4977B2F770A7300F57BCE /* Frameworks */ = {
			isa = PBXFrameworksBuildPhase;
			buildActionMask = 2147483647;
			files = (
				9CF8F35C2F7C128A00D428A7 /* Storage in Frameworks */,
				9CF8F3582F7C128A00D428A7 /* PostgREST in Frameworks */,
				9CF8F3562F7C128A00D428A7 /* Functions in Frameworks */,
				9CF8F3542F7C128A00D428A7 /* Auth in Frameworks */,
				9CF8F35A2F7C128A00D428A7 /* Realtime in Frameworks */,
				9CF8F31D2F7C0E3E00D428A7 /* SonexShared in Frameworks */,
			);
			runOnlyForDeploymentPostprocessing = 0;
		};
		9CF4978D2F770ACF00F57BCE /* Frameworks */ = {
			isa = PBXFrameworksBuildPhase;
			buildActionMask = 2147483647;
			files = (
				9CF8F3202F7C0E9C00D428A7 /* SonexShared in Frameworks */,
			);
			runOnlyForDeploymentPostprocessing = 0;
		};
/* End PBXFrameworksBuildPhase section */

/* Begin PBXGroup section */
		9CF497752F770A7300F57BCE = {
			isa = PBXGroup;
			children = (
				9CF8F31A2F7C0D5600D428A7 /* SonexShared */,
				9CF497802F770A7300F57BCE /* Sonex */,
				9CF497912F770ACF00F57BCE /* Sonex Clip View */,
				9CF8F31E2F7C0E9400D428A7 /* Frameworks */,
				9CF4977F2F770A7300F57BCE /* Products */,
			);
			sourceTree = "<group>";
		};
		9CF4977F2F770A7300F57BCE /* Products */ = {
			isa = PBXGroup;
			children = (
				9CF4977E2F770A7300F57BCE /* Sonex.app */,
				9CF497902F770ACF00F57BCE /* Sonex Clip View.app */,
			);
			name = Products;
			sourceTree = "<group>";
		};
		9CF8F31E2F7C0E9400D428A7 /* Frameworks */ = {
			isa = PBXGroup;
			children = (
			);
			name = Frameworks;
			sourceTree = "<group>";
		};
/* End PBXGroup section */

/* Begin PBXNativeTarget section */
		9CF4977D2F770A7300F57BCE /* Sonex */ = {
			isa = PBXNativeTarget;
			buildConfigurationList = 9CF497892F770A7400F57BCE /* Build configuration list for PBXNativeTarget "Sonex" */;
			buildPhases = (
				9CF4977A2F770A7300F57BCE /* Sources */,
				9CF4977B2F770A7300F57BCE /* Frameworks */,
				9CF4977C2F770A7300F57BCE /* Resources */,
				9CF497A12F770AD000F57BCE /* Embed App Clips */,
			);
			buildRules = (
			);
			dependencies = (
				9CF4979B2F770AD000F57BCE /* PBXTargetDependency */,
			);
			fileSystemSynchronizedGroups = (
				9CF497802F770A7300F57BCE /* Sonex */,
			);
			name = Sonex;
			packageProductDependencies = (
				9CF8F31C2F7C0E3E00D428A7 /* SonexShared */,
				9CF8F3532F7C128A00D428A7 /* Auth */,
				9CF8F3552F7C128A00D428A7 /* Functions */,
				9CF8F3572F7C128A00D428A7 /* PostgREST */,
				9CF8F3592F7C128A00D428A7 /* Realtime */,
				9CF8F35B2F7C128A00D428A7 /* Storage */,
			);
			productName = Sonex;
			productReference = 9CF4977E2F770A7300F57BCE /* Sonex.app */;
			productType = "com.apple.product-type.application";
		};
		9CF4978F2F770ACF00F57BCE /* Sonex Clip View */ = {
			isa = PBXNativeTarget;
			buildConfigurationList = 9CF4979E2F770AD000F57BCE /* Build configuration list for PBXNativeTarget "Sonex Clip View" */;
			buildPhases = (
				9CF4978C2F770ACF00F57BCE /* Sources */,
				9CF4978D2F770ACF00F57BCE /* Frameworks */,
				9CF4978E2F770ACF00F57BCE /* Resources */,
			);
			buildRules = (
			);
			dependencies = (
			);
			fileSystemSynchronizedGroups = (
				9CF497912F770ACF00F57BCE /* Sonex Clip View */,
			);
			name = "Sonex Clip View";
			packageProductDependencies = (
				9CF8F31F2F7C0E9C00D428A7 /* SonexShared */,
			);
			productName = "Sonex Clip View";
			productReference = 9CF497902F770ACF00F57BCE /* Sonex Clip View.app */;
			productType = "com.apple.product-type.application.on-demand-install-capable";
		};
/* End PBXNativeTarget section */

/* Begin PBXProject section */
		9CF497762F770A7300F57BCE /* Project object */ = {
			isa = PBXProject;
			attributes = {
				BuildIndependentTargetsInParallel = 1;
				LastSwiftUpdateCheck = 2600;
				LastUpgradeCheck = 2600;
				TargetAttributes = {
					9CF4977D2F770A7300F57BCE = {
						CreatedOnToolsVersion = 26.0.1;
					};
					9CF4978F2F770ACF00F57BCE = {
						CreatedOnToolsVersion = 26.0.1;
					};
				};
			};
			buildConfigurationList = 9CF497792F770A7300F57BCE /* Build configuration list for PBXProject "Sonex" */;
			developmentRegion = en;
			hasScannedForEncodings = 0;
			knownRegions = (
				en,
				Base,
			);
			mainGroup = 9CF497752F770A7300F57BCE;
			minimizedProjectReferenceProxies = 1;
			packageReferences = (
				9CF8F31B2F7C0E3E00D428A7 /* XCLocalSwiftPackageReference "../SonexShared" */,
				9CF8F3522F7C128A00D428A7 /* XCRemoteSwiftPackageReference "supabase-swift" */,
			);
			preferredProjectObjectVersion = 77;
			productRefGroup = 9CF4977F2F770A7300F57BCE /* Products */;
			projectDirPath = "";
			projectRoot = "";
			targets = (
				9CF4977D2F770A7300F57BCE /* Sonex */,
				9CF4978F2F770ACF00F57BCE /* Sonex Clip View */,
			);
		};
/* End PBXProject section */

/* Begin PBXResourcesBuildPhase section */
		9CF4977C2F770A7300F57BCE /* Resources */ = {
			isa = PBXResourcesBuildPhase;
			buildActionMask = 2147483647;
			files = (
			);
			runOnlyForDeploymentPostprocessing = 0;
		};
		9CF4978E2F770ACF00F57BCE /* Resources */ = {
			isa = PBXResourcesBuildPhase;
			buildActionMask = 2147483647;
			files = (
			);
			runOnlyForDeploymentPostprocessing = 0;
		};
/* End PBXResourcesBuildPhase section */

/* Begin PBXSourcesBuildPhase section */
		9CF4977A2F770A7300F57BCE /* Sources */ = {
			isa = PBXSourcesBuildPhase;
			buildActionMask = 2147483647;
			files = (
			);
			runOnlyForDeploymentPostprocessing = 0;
		};
		9CF4978C2F770ACF00F57BCE /* Sources */ = {
			isa = PBXSourcesBuildPhase;
			buildActionMask = 2147483647;
			files = (
			);
			runOnlyForDeploymentPostprocessing = 0;
		};
/* End PBXSourcesBuildPhase section */

/* Begin PBXTargetDependency section */
		9CF4979B2F770AD000F57BCE /* PBXTargetDependency */ = {
			isa = PBXTargetDependency;
			target = 9CF4978F2F770ACF00F57BCE /* Sonex Clip View */;
			targetProxy = 9CF4979A2F770AD000F57BCE /* PBXContainerItemProxy */;
		};
/* End PBXTargetDependency section */

/* Begin XCBuildConfiguration section */
		9CF497872F770A7400F57BCE /* Debug */ = {
			isa = XCBuildConfiguration;
			buildSettings = {
				ALWAYS_SEARCH_USER_PATHS = NO;
				ASSETCATALOG_COMPILER_GENERATE_SWIFT_ASSET_SYMBOL_EXTENSIONS = YES;
				CLANG_ANALYZER_NONNULL = YES;
				CLANG_ANALYZER_NUMBER_OBJECT_CONVERSION = YES_AGGRESSIVE;
				CLANG_CXX_LANGUAGE_STANDARD = "gnu++20";
				CLANG_ENABLE_MODULES = YES;
				CLANG_ENABLE_OBJC_ARC = YES;
				CLANG_ENABLE_OBJC_WEAK = YES;
				CLANG_WARN_BLOCK_CAPTURE_AUTORELEASING = YES;
				CLANG_WARN_BOOL_CONVERSION = YES;
				CLANG_WARN_COMMA = YES;
				CLANG_WARN_CONSTANT_CONVERSION = YES;
				CLANG_WARN_DEPRECATED_OBJC_IMPLEMENTATIONS = YES;
				CLANG_WARN_DIRECT_OBJC_ISA_USAGE = YES_ERROR;
				CLANG_WARN_DOCUMENTATION_COMMENTS = YES;
				CLANG_WARN_EMPTY_BODY = YES;
				CLANG_WARN_ENUM_CONVERSION = YES;
				CLANG_WARN_INFINITE_RECURSION = YES;
				CLANG_WARN_INT_CONVERSION = YES;
				CLANG_WARN_NON_LITERAL_NULL_CONVERSION = YES;
				CLANG_WARN_OBJC_IMPLICIT_RETAIN_SELF = YES;
				CLANG_WARN_OBJC_LITERAL_CONVERSION = YES;
				CLANG_WARN_OBJC_ROOT_CLASS = YES_ERROR;
				CLANG_WARN_QUOTED_INCLUDE_IN_FRAMEWORK_HEADER = YES;
				CLANG_WARN_RANGE_LOOP_ANALYSIS = YES;
				CLANG_WARN_STRICT_PROTOTYPES = YES;
				CLANG_WARN_SUSPICIOUS_MOVE = YES;
				CLANG_WARN_UNGUARDED_AVAILABILITY = YES_AGGRESSIVE;
				CLANG_WARN_UNREACHABLE_CODE = YES;
				CLANG_WARN__DUPLICATE_METHOD_MATCH = YES;
				COPY_PHASE_STRIP = NO;
				DEBUG_INFORMATION_FORMAT = dwarf;
				DEVELOPMENT_TEAM = 8VNY625MD3;
				ENABLE_STRICT_OBJC_MSGSEND = YES;
				ENABLE_TESTABILITY = YES;
				ENABLE_USER_SCRIPT_SANDBOXING = YES;
				GCC_C_LANGUAGE_STANDARD = gnu17;
				GCC_DYNAMIC_NO_PIC = NO;
				GCC_NO_COMMON_BLOCKS = YES;
				GCC_OPTIMIZATION_LEVEL = 0;
				GCC_PREPROCESSOR_DEFINITIONS = (
					"DEBUG=1",
					"$(inherited)",
				);
				GCC_WARN_64_TO_32_BIT_CONVERSION = YES;
				GCC_WARN_ABOUT_RETURN_TYPE = YES_ERROR;
				GCC_WARN_UNDECLARED_SELECTOR = YES;
				GCC_WARN_UNINITIALIZED_AUTOS = YES_AGGRESSIVE;
				GCC_WARN_UNUSED_FUNCTION = YES;
				GCC_WARN_UNUSED_VARIABLE = YES;
				IPHONEOS_DEPLOYMENT_TARGET = 26.0;
				LOCALIZATION_PREFERS_STRING_CATALOGS = YES;
				MTL_ENABLE_DEBUG_INFO = INCLUDE_SOURCE;
				MTL_FAST_MATH = YES;
				ONLY_ACTIVE_ARCH = YES;
				SDKROOT = iphoneos;
				SWIFT_ACTIVE_COMPILATION_CONDITIONS = "DEBUG $(inherited)";
				SWIFT_OPTIMIZATION_LEVEL = "-Onone";
			};
			name = Debug;
		};
		9CF497882F770A7400F57BCE /* Release */ = {
			isa = XCBuildConfiguration;
			buildSettings = {
				ALWAYS_SEARCH_USER_PATHS = NO;
				ASSETCATALOG_COMPILER_GENERATE_SWIFT_ASSET_SYMBOL_EXTENSIONS = YES;
				CLANG_ANALYZER_NONNULL = YES;
				CLANG_ANALYZER_NUMBER_OBJECT_CONVERSION = YES_AGGRESSIVE;
				CLANG_CXX_LANGUAGE_STANDARD = "gnu++20";
				CLANG_ENABLE_MODULES = YES;
				CLANG_ENABLE_OBJC_ARC = YES;
				CLANG_ENABLE_OBJC_WEAK = YES;
				CLANG_WARN_BLOCK_CAPTURE_AUTORELEASING = YES;
				CLANG_WARN_BOOL_CONVERSION = YES;
				CLANG_WARN_COMMA = YES;
				CLANG_WARN_CONSTANT_CONVERSION = YES;
				CLANG_WARN_DEPRECATED_OBJC_IMPLEMENTATIONS = YES;
				CLANG_WARN_DIRECT_OBJC_ISA_USAGE = YES_ERROR;
				CLANG_WARN_DOCUMENTATION_COMMENTS = YES;
				CLANG_WARN_EMPTY_BODY = YES;
				CLANG_WARN_ENUM_CONVERSION = YES;
				CLANG_WARN_INFINITE_RECURSION = YES;
				CLANG_WARN_INT_CONVERSION = YES;
				CLANG_WARN_NON_LITERAL_NULL_CONVERSION = YES;
				CLANG_WARN_OBJC_IMPLICIT_RETAIN_SELF = YES;
				CLANG_WARN_OBJC_LITERAL_CONVERSION = YES;
				CLANG_WARN_OBJC_ROOT_CLASS = YES_ERROR;
				CLANG_WARN_QUOTED_INCLUDE_IN_FRAMEWORK_HEADER = YES;
				CLANG_WARN_RANGE_LOOP_ANALYSIS = YES;
				CLANG_WARN_STRICT_PROTOTYPES = YES;
				CLANG_WARN_SUSPICIOUS_MOVE = YES;
				CLANG_WARN_UNGUARDED_AVAILABILITY = YES_AGGRESSIVE;
				CLANG_WARN_UNREACHABLE_CODE = YES;
				CLANG_WARN__DUPLICATE_METHOD_MATCH = YES;
				COPY_PHASE_STRIP = NO;
				DEBUG_INFORMATION_FORMAT = "dwarf-with-dsym";
				DEVELOPMENT_TEAM = 8VNY625MD3;
				ENABLE_NS_ASSERTIONS = NO;
				ENABLE_STRICT_OBJC_MSGSEND = YES;
				ENABLE_USER_SCRIPT_SANDBOXING = YES;
				GCC_C_LANGUAGE_STANDARD = gnu17;
				GCC_NO_COMMON_BLOCKS = YES;
				GCC_WARN_64_TO_32_BIT_CONVERSION = YES;
				GCC_WARN_ABOUT_RETURN_TYPE = YES_ERROR;
				GCC_WARN_UNDECLARED_SELECTOR = YES;
				GCC_WARN_UNINITIALIZED_AUTOS = YES_AGGRESSIVE;
				GCC_WARN_UNUSED_FUNCTION = YES;
				GCC_WARN_UNUSED_VARIABLE = YES;
				IPHONEOS_DEPLOYMENT_TARGET = 26.0;
				LOCALIZATION_PREFERS_STRING_CATALOGS = YES;
				MTL_ENABLE_DEBUG_INFO = NO;
				MTL_FAST_MATH = YES;
				SDKROOT = iphoneos;
				SWIFT_COMPILATION_MODE = wholemodule;
				VALIDATE_PRODUCT = YES;
			};
			name = Release;
		};
		9CF4978A2F770A7400F57BCE /* Debug */ = {
			isa = XCBuildConfiguration;
			buildSettings = {
				ASSETCATALOG_COMPILER_APPICON_NAME = AppIcon;
				ASSETCATALOG_COMPILER_GLOBAL_ACCENT_COLOR_NAME = AccentColor;
				CODE_SIGN_STYLE = Automatic;
				CURRENT_PROJECT_VERSION = 1;
				DEVELOPMENT_TEAM = 8VNY625MD3;
				ENABLE_PREVIEWS = YES;
				GENERATE_INFOPLIST_FILE = YES;
				INFOPLIST_KEY_LSApplicationCategoryType = "public.app-category.social-networking";
				INFOPLIST_KEY_UIApplicationSceneManifest_Generation = YES;
				INFOPLIST_KEY_UIApplicationSupportsIndirectInputEvents = YES;
				INFOPLIST_KEY_UILaunchScreen_Generation = YES;
				INFOPLIST_KEY_UISupportedInterfaceOrientations = UIInterfaceOrientationPortrait;
				LD_RUNPATH_SEARCH_PATHS = (
					"$(inherited)",
					"@executable_path/Frameworks",
				);
				MARKETING_VERSION = 1.0;
				PRODUCT_BUNDLE_IDENTIFIER = com.IYA.Capstone.Sonex;
				PRODUCT_NAME = "$(TARGET_NAME)";
				STRING_CATALOG_GENERATE_SYMBOLS = YES;
				SWIFT_APPROACHABLE_CONCURRENCY = YES;
				SWIFT_DEFAULT_ACTOR_ISOLATION = MainActor;
				SWIFT_EMIT_LOC_STRINGS = YES;
				SWIFT_UPCOMING_FEATURE_MEMBER_IMPORT_VISIBILITY = YES;
				SWIFT_VERSION = 5.0;
				TARGETED_DEVICE_FAMILY = "1,2";
			};
			name = Debug;
		};
		9CF4978B2F770A7400F57BCE /* Release */ = {
			isa = XCBuildConfiguration;
			buildSettings = {
				ASSETCATALOG_COMPILER_APPICON_NAME = AppIcon;
				ASSETCATALOG_COMPILER_GLOBAL_ACCENT_COLOR_NAME = AccentColor;
				CODE_SIGN_STYLE = Automatic;
				CURRENT_PROJECT_VERSION = 1;
				DEVELOPMENT_TEAM = 8VNY625MD3;
				ENABLE_PREVIEWS = YES;
				GENERATE_INFOPLIST_FILE = YES;
				INFOPLIST_KEY_LSApplicationCategoryType = "public.app-category.social-networking";
				INFOPLIST_KEY_UIApplicationSceneManifest_Generation = YES;
				INFOPLIST_KEY_UIApplicationSupportsIndirectInputEvents = YES;
				INFOPLIST_KEY_UILaunchScreen_Generation = YES;
				INFOPLIST_KEY_UISupportedInterfaceOrientations = UIInterfaceOrientationPortrait;
				LD_RUNPATH_SEARCH_PATHS = (
					"$(inherited)",
					"@executable_path/Frameworks",
				);
				MARKETING_VERSION = 1.0;
				PRODUCT_BUNDLE_IDENTIFIER = com.IYA.Capstone.Sonex;
				PRODUCT_NAME = "$(TARGET_NAME)";
				STRING_CATALOG_GENERATE_SYMBOLS = YES;
				SWIFT_APPROACHABLE_CONCURRENCY = YES;
				SWIFT_DEFAULT_ACTOR_ISOLATION = MainActor;
				SWIFT_EMIT_LOC_STRINGS = YES;
				SWIFT_UPCOMING_FEATURE_MEMBER_IMPORT_VISIBILITY = YES;
				SWIFT_VERSION = 5.0;
				TARGETED_DEVICE_FAMILY = "1,2";
			};
			name = Release;
		};
		9CF4979F2F770AD000F57BCE /* Debug */ = {
			isa = XCBuildConfiguration;
			buildSettings = {
				ASSETCATALOG_COMPILER_APPICON_NAME = AppIcon;
				ASSETCATALOG_COMPILER_GLOBAL_ACCENT_COLOR_NAME = AccentColor;
				CODE_SIGN_ENTITLEMENTS = "Sonex Clip View/Sonex_Clip_View.entitlements";
				CODE_SIGN_STYLE = Automatic;
				CURRENT_PROJECT_VERSION = 1;
				DEVELOPMENT_TEAM = 8VNY625MD3;
				ENABLE_PREVIEWS = YES;
				GENERATE_INFOPLIST_FILE = YES;
				INFOPLIST_FILE = "Sonex Clip View/Info.plist";
				INFOPLIST_KEY_CFBundleDisplayName = Sonex;
				INFOPLIST_KEY_UIApplicationSceneManifest_Generation = YES;
				INFOPLIST_KEY_UIApplicationSupportsIndirectInputEvents = YES;
				INFOPLIST_KEY_UILaunchScreen_Generation = YES;
				INFOPLIST_KEY_UISupportedInterfaceOrientations_iPad = "UIInterfaceOrientationPortrait UIInterfaceOrientationPortraitUpsideDown UIInterfaceOrientationLandscapeLeft UIInterfaceOrientationLandscapeRight";
				INFOPLIST_KEY_UISupportedInterfaceOrientations_iPhone = "UIInterfaceOrientationPortrait UIInterfaceOrientationLandscapeLeft UIInterfaceOrientationLandscapeRight";
				LD_RUNPATH_SEARCH_PATHS = (
					"$(inherited)",
					"@executable_path/Frameworks",
				);
				MARKETING_VERSION = 1.0;
				PRODUCT_BUNDLE_IDENTIFIER = com.IYA.Capstone.Sonex.Clip;
				PRODUCT_NAME = "$(TARGET_NAME)";
				STRING_CATALOG_GENERATE_SYMBOLS = YES;
				SWIFT_APPROACHABLE_CONCURRENCY = YES;
				SWIFT_DEFAULT_ACTOR_ISOLATION = MainActor;
				SWIFT_EMIT_LOC_STRINGS = YES;
				SWIFT_UPCOMING_FEATURE_MEMBER_IMPORT_VISIBILITY = YES;
				SWIFT_VERSION = 5.0;
				TARGETED_DEVICE_FAMILY = "1,2";
			};
			name = Debug;
		};
		9CF497A02F770AD000F57BCE /* Release */ = {
			isa = XCBuildConfiguration;
			buildSettings = {
				ASSETCATALOG_COMPILER_APPICON_NAME = AppIcon;
				ASSETCATALOG_COMPILER_GLOBAL_ACCENT_COLOR_NAME = AccentColor;
				CODE_SIGN_ENTITLEMENTS = "Sonex Clip View/Sonex_Clip_View.entitlements";
				CODE_SIGN_STYLE = Automatic;
				CURRENT_PROJECT_VERSION = 1;
				DEVELOPMENT_TEAM = 8VNY625MD3;
				ENABLE_PREVIEWS = YES;
				GENERATE_INFOPLIST_FILE = YES;
				INFOPLIST_FILE = "Sonex Clip View/Info.plist";
				INFOPLIST_KEY_CFBundleDisplayName = Sonex;
				INFOPLIST_KEY_UIApplicationSceneManifest_Generation = YES;
				INFOPLIST_KEY_UIApplicationSupportsIndirectInputEvents = YES;
				INFOPLIST_KEY_UILaunchScreen_Generation = YES;
				INFOPLIST_KEY_UISupportedInterfaceOrientations_iPad = "UIInterfaceOrientationPortrait UIInterfaceOrientationPortraitUpsideDown UIInterfaceOrientationLandscapeLeft UIInterfaceOrientationLandscapeRight";
				INFOPLIST_KEY_UISupportedInterfaceOrientations_iPhone = "UIInterfaceOrientationPortrait UIInterfaceOrientationLandscapeLeft UIInterfaceOrientationLandscapeRight";
				LD_RUNPATH_SEARCH_PATHS = (
					"$(inherited)",
					"@executable_path/Frameworks",
				);
				MARKETING_VERSION = 1.0;
				PRODUCT_BUNDLE_IDENTIFIER = com.IYA.Capstone.Sonex.Clip;
				PRODUCT_NAME = "$(TARGET_NAME)";
				STRING_CATALOG_GENERATE_SYMBOLS = YES;
				SWIFT_APPROACHABLE_CONCURRENCY = YES;
				SWIFT_DEFAULT_ACTOR_ISOLATION = MainActor;
				SWIFT_EMIT_LOC_STRINGS = YES;
				SWIFT_UPCOMING_FEATURE_MEMBER_IMPORT_VISIBILITY = YES;
				SWIFT_VERSION = 5.0;
				TARGETED_DEVICE_FAMILY = "1,2";
			};
			name = Release;
		};
/* End XCBuildConfiguration section */

/* Begin XCConfigurationList section */
		9CF497792F770A7300F57BCE /* Build configuration list for PBXProject "Sonex" */ = {
			isa = XCConfigurationList;
			buildConfigurations = (
				9CF497872F770A7400F57BCE /* Debug */,
				9CF497882F770A7400F57BCE /* Release */,
			);
			defaultConfigurationIsVisible = 0;
			defaultConfigurationName = Release;
		};
		9CF497892F770A7400F57BCE /* Build configuration list for PBXNativeTarget "Sonex" */ = {
			isa = XCConfigurationList;
			buildConfigurations = (
				9CF4978A2F770A7400F57BCE /* Debug */,
				9CF4978B2F770A7400F57BCE /* Release */,
			);
			defaultConfigurationIsVisible = 0;
			defaultConfigurationName = Release;
		};
		9CF4979E2F770AD000F57BCE /* Build configuration list for PBXNativeTarget "Sonex Clip View" */ = {
			isa = XCConfigurationList;
			buildConfigurations = (
				9CF4979F2F770AD000F57BCE /* Debug */,
				9CF497A02F770AD000F57BCE /* Release */,
			);
			defaultConfigurationIsVisible = 0;
			defaultConfigurationName = Release;
		};
/* End XCConfigurationList section */

/* Begin XCLocalSwiftPackageReference section */
		9CF8F31B2F7C0E3E00D428A7 /* XCLocalSwiftPackageReference "../SonexShared" */ = {
			isa = XCLocalSwiftPackageReference;
			relativePath = ../SonexShared;
		};
/* End XCLocalSwiftPackageReference section */

/* Begin XCRemoteSwiftPackageReference section */
		9CF8F3522F7C128A00D428A7 /* XCRemoteSwiftPackageReference "supabase-swift" */ = {
			isa = XCRemoteSwiftPackageReference;
			repositoryURL = "https://github.com/supabase-community/supabase-swift.git";
			requirement = {
				kind = upToNextMajorVersion;
				minimumVersion = 2.5.1;
			};
		};
/* End XCRemoteSwiftPackageReference section */

/* Begin XCSwiftPackageProductDependency section */
		9CF8F31C2F7C0E3E00D428A7 /* SonexShared */ = {
			isa = XCSwiftPackageProductDependency;
			productName = SonexShared;
		};
		9CF8F31F2F7C0E9C00D428A7 /* SonexShared */ = {
			isa = XCSwiftPackageProductDependency;
			package = 9CF8F31B2F7C0E3E00D428A7 /* XCLocalSwiftPackageReference "../SonexShared" */;
			productName = SonexShared;
		};
		9CF8F3532F7C128A00D428A7 /* Auth */ = {
			isa = XCSwiftPackageProductDependency;
			package = 9CF8F3522F7C128A00D428A7 /* XCRemoteSwiftPackageReference "supabase-swift" */;
			productName = Auth;
		};
		9CF8F3552F7C128A00D428A7 /* Functions */ = {
			isa = XCSwiftPackageProductDependency;
			package = 9CF8F3522F7C128A00D428A7 /* XCRemoteSwiftPackageReference "supabase-swift" */;
			productName = Functions;
		};
		9CF8F3572F7C128A00D428A7 /* PostgREST */ = {
			isa = XCSwiftPackageProductDependency;
			package = 9CF8F3522F7C128A00D428A7 /* XCRemoteSwiftPackageReference "supabase-swift" */;
			productName = PostgREST;
		};
		9CF8F3592F7C128A00D428A7 /* Realtime */ = {
			isa = XCSwiftPackageProductDependency;
			package = 9CF8F3522F7C128A00D428A7 /* XCRemoteSwiftPackageReference "supabase-swift" */;
			productName = Realtime;
		};
		9CF8F35B2F7C128A00D428A7 /* Storage */ = {
			isa = XCSwiftPackageProductDependency;
			package = 9CF8F3522F7C128A00D428A7 /* XCRemoteSwiftPackageReference "supabase-swift" */;
			productName = Storage;
		};
/* End XCSwiftPackageProductDependency section */
	};
	rootObject = 9CF497762F770A7300F57BCE /* Project object */;
}
